
Microsoft Visual Studio Solution File, Format Version 12.00
# Visual Studio Version 17
VisualStudioVersion = 17.4.33403.182
MinimumVisualStudioVersion = 10.0.40219.1
Project("{FAE04EC0-301F-11D3-BF4B-00C04F79EFBC}") = "JARVIS", "JARVIS\JARVIS.csproj", "{A4B560CF-7015-41A9-A319-E1B79744E92D}"
EndProject
Global
	GlobalSection(SolutionConfigurationPlatforms) = preSolution
		Debug|Any CPU = Debug|Any CPU
		Release|Any CPU = Release|Any CPU
	EndGlobalSection
	GlobalSection(ProjectConfigurationPlatforms) = postSolution
		{A4B560CF-7015-41A9-A319-E1B79744E92D}.Debug|Any CPU.ActiveCfg = Debug|Any CPU
		{A4B560CF-7015-41A9-A319-E1B79744E92D}.Debug|Any CPU.Build.0 = Debug|Any CPU
		{A4B560CF-7015-41A9-A319-E1B79744E92D}.Release|Any CPU.ActiveCfg = Release|Any CPU
		{A4B560CF-7015-41A9-A319-E1B79744E92D}.Release|Any CPU.Build.0 = Release|Any CPU
	EndGlobalSection
	GlobalSection(SolutionProperties) = preSolution
		HideSolutionNode = FALSE
	EndGlobalSection
	GlobalSection(ExtensibilityGlobals) = postSolution
		SolutionGuid = {0E1C66AF-31C8-47A9-9347-DF5F112EBBB3}
	EndGlobalSection
EndGlobal
